
Microsoft Visual Studio Solution File, Format Version 12.00
# Visual Studio Version 17
VisualStudioVersion = 17.11.35219.272
MinimumVisualStudioVersion = 10.0.40219.1
Project("{FAE04EC0-301F-11D3-BF4B-00C04F79EFBC}") = "OrderMgmtSystem.Server", "OrderMgmtSystem.Server\OrderMgmtSystem.Server.csproj", "{F7A5D2DF-43FD-4E09-906E-2ADCF3BF657D}"
EndProject
Project("{54A90642-561A-4BB1-A94E-469ADEE60C69}") = "ordermgmtsystem.client", "ordermgmtsystem.client\ordermgmtsystem.client.esproj", "{67EA6A38-824C-4D74-859B-A13641FF6CB2}"
EndProject
Global
	GlobalSection(SolutionConfigurationPlatforms) = preSolution
		Debug|Any CPU = Debug|Any CPU
		Release|Any CPU = Release|Any CPU
	EndGlobalSection
	GlobalSection(ProjectConfigurationPlatforms) = postSolution
		{F7A5D2DF-43FD-4E09-906E-2ADCF3BF657D}.Debug|Any CPU.ActiveCfg = Debug|Any CPU
		{F7A5D2DF-43FD-4E09-906E-2ADCF3BF657D}.Debug|Any CPU.Build.0 = Debug|Any CPU
		{F7A5D2DF-43FD-4E09-906E-2ADCF3BF657D}.Release|Any CPU.ActiveCfg = Release|Any CPU
		{F7A5D2DF-43FD-4E09-906E-2ADCF3BF657D}.Release|Any CPU.Build.0 = Release|Any CPU
		{67EA6A38-824C-4D74-859B-A13641FF6CB2}.Debug|Any CPU.ActiveCfg = Debug|Any CPU
		{67EA6A38-824C-4D74-859B-A13641FF6CB2}.Debug|Any CPU.Build.0 = Debug|Any CPU
		{67EA6A38-824C-4D74-859B-A13641FF6CB2}.Debug|Any CPU.Deploy.0 = Debug|Any CPU
		{67EA6A38-824C-4D74-859B-A13641FF6CB2}.Release|Any CPU.ActiveCfg = Release|Any CPU
		{67EA6A38-824C-4D74-859B-A13641FF6CB2}.Release|Any CPU.Build.0 = Release|Any CPU
		{67EA6A38-824C-4D74-859B-A13641FF6CB2}.Release|Any CPU.Deploy.0 = Release|Any CPU
	EndGlobalSection
	GlobalSection(SolutionProperties) = preSolution
		HideSolutionNode = FALSE
	EndGlobalSection
	GlobalSection(ExtensibilityGlobals) = postSolution
		SolutionGuid = {3E9D7990-7A2F-463F-AAD7-611F249E41A2}
	EndGlobalSection
EndGlobal
